
Microsoft Visual Studio Solution File, Format Version 12.00
# Visual Studio Version 17
VisualStudioVersion = 17.5.002.0
MinimumVisualStudioVersion = 10.0.40219.1
Project("{FAE04EC0-301F-11D3-BF4B-00C04F79EFBC}") = "CleanCqrs.Api", "CleanCqrs.Api\CleanCqrs.Api.csproj", "{F2FC9BA4-4918-4B5E-A885-D4117330A92E}"
EndProject
Global
	GlobalSection(SolutionConfigurationPlatforms) = preSolution
		Debug|Any CPU = Debug|Any CPU
		Release|Any CPU = Release|Any CPU
	EndGlobalSection
	GlobalSection(ProjectConfigurationPlatforms) = postSolution
		{F2FC9BA4-4918-4B5E-A885-D4117330A92E}.Debug|Any CPU.ActiveCfg = Debug|Any CPU
		{F2FC9BA4-4918-4B5E-A885-D4117330A92E}.Debug|Any CPU.Build.0 = Debug|Any CPU
		{F2FC9BA4-4918-4B5E-A885-D4117330A92E}.Release|Any CPU.ActiveCfg = Release|Any CPU
		{F2FC9BA4-4918-4B5E-A885-D4117330A92E}.Release|Any CPU.Build.0 = Release|Any CPU
	EndGlobalSection
	GlobalSection(SolutionProperties) = preSolution
		HideSolutionNode = FALSE
	EndGlobalSection
	GlobalSection(ExtensibilityGlobals) = postSolution
		SolutionGuid = {EED3AC53-3FB2-4569-9709-84A59BE6F042}
	EndGlobalSection
EndGlobal
